
Microsoft Visual Studio Solution File, Format Version 12.00
# Visual Studio Version 16
VisualStudioVersion = 16.0.33529.622
MinimumVisualStudioVersion = 10.0.40219.1
Project("{FAE04EC0-301F-11D3-BF4B-00C04F79EFBC}") = "ClassPoint2DAndClassPoint3D", "ClassPoint2DAndClassPoint3D.csproj", "{68A1FE9F-5F42-4153-8864-78F2648FFE1B}"
EndProject
Global
	GlobalSection(SolutionConfigurationPlatforms) = preSolution
		Debug|Any CPU = Debug|Any CPU
		Release|Any CPU = Release|Any CPU
	EndGlobalSection
	GlobalSection(ProjectConfigurationPlatforms) = postSolution
		{68A1FE9F-5F42-4153-8864-78F2648FFE1B}.Debug|Any CPU.ActiveCfg = Debug|Any CPU
		{68A1FE9F-5F42-4153-8864-78F2648FFE1B}.Debug|Any CPU.Build.0 = Debug|Any CPU
		{68A1FE9F-5F42-4153-8864-78F2648FFE1B}.Release|Any CPU.ActiveCfg = Release|Any CPU
		{68A1FE9F-5F42-4153-8864-78F2648FFE1B}.Release|Any CPU.Build.0 = Release|Any CPU
	EndGlobalSection
	GlobalSection(SolutionProperties) = preSolution
		HideSolutionNode = FALSE
	EndGlobalSection
	GlobalSection(ExtensibilityGlobals) = postSolution
		SolutionGuid = {935D57B5-81F6-44B5-834D-20C7BC20268C}
	EndGlobalSection
EndGlobal
